
Microsoft Visual Studio Solution File, Format Version 12.00
# Visual Studio Version 17
VisualStudioVersion = 17.7.34221.43
MinimumVisualStudioVersion = 10.0.40219.1
Project("{9A19103F-16F7-4668-BE54-9A1E7A4F7556}") = "gas_station", "gas_station\gas_station.csproj", "{DFC11368-3D6B-4CEF-AC9B-E7EBED4FF7CA}"
EndProject
Project("{FAE04EC0-301F-11D3-BF4B-00C04F79EFBC}") = "UnitTest", "UnitTest\UnitTest.csproj", "{97679CED-DB49-49F6-9A9D-229AFF9D5E59}"
EndProject
Global
	GlobalSection(SolutionConfigurationPlatforms) = preSolution
		Debug|Any CPU = Debug|Any CPU
		Release|Any CPU = Release|Any CPU
	EndGlobalSection
	GlobalSection(ProjectConfigurationPlatforms) = postSolution
		{DFC11368-3D6B-4CEF-AC9B-E7EBED4FF7CA}.Debug|Any CPU.ActiveCfg = Debug|Any CPU
		{DFC11368-3D6B-4CEF-AC9B-E7EBED4FF7CA}.Debug|Any CPU.Build.0 = Debug|Any CPU
		{DFC11368-3D6B-4CEF-AC9B-E7EBED4FF7CA}.Release|Any CPU.ActiveCfg = Release|Any CPU
		{DFC11368-3D6B-4CEF-AC9B-E7EBED4FF7CA}.Release|Any CPU.Build.0 = Release|Any CPU
		{97679CED-DB49-49F6-9A9D-229AFF9D5E59}.Debug|Any CPU.ActiveCfg = Debug|Any CPU
		{97679CED-DB49-49F6-9A9D-229AFF9D5E59}.Debug|Any CPU.Build.0 = Debug|Any CPU
		{97679CED-DB49-49F6-9A9D-229AFF9D5E59}.Release|Any CPU.ActiveCfg = Release|Any CPU
		{97679CED-DB49-49F6-9A9D-229AFF9D5E59}.Release|Any CPU.Build.0 = Release|Any CPU
	EndGlobalSection
	GlobalSection(SolutionProperties) = preSolution
		HideSolutionNode = FALSE
	EndGlobalSection
	GlobalSection(ExtensibilityGlobals) = postSolution
		SolutionGuid = {E7811484-D628-47FA-B0A0-32B62A87F9C9}
	EndGlobalSection
EndGlobal
